# .template-managed.lock — digests of the template-owned scaffold surface.
#
# GENERATED by `llz ci managed-fresh --write` — do not hand-edit.
# Covers every token-free file in a digest-locked class of .template-manifest
# (today: `managed`). Those render byte-identically in every instance, which is
# what makes one digest valid for all of them.
#
# `llz ci managed-fresh` (part of `llz lint`) recomputes these offline and fails
# when an instance hand-edits a file the next `llz upgrade` would overwrite.
#
# DELIBERATELY UNLOCKED — these are digest-locked-class files that carry a copier
# token, so their rendered bytes differ per instance and no single digest can
# cover them. `llz upgrade` still overwrites them from a clean render (which is
# correct — the render substitutes each instance's own tokens); they simply get
# no drift detection. Listed so the gap is auditable rather than invisible:
#   .template-manifest
#   AGENTS.md
#   README.md
#
# FORMAT: <sha256>  <path>
14f18f447e96f769f5215af575e129c033fddf831bc690637590400bbae345d7  .checkov.yaml
1a925776af79a75dd74e8f920d7e0f497f819728987f8cc38622b8db349f0edf  .claude/settings.json
71b2739968ef43c46574db4afc0f1bcef1b5fe3633e1d1a98c65246df71d1cf4  .github/actions/_lib/git-auth.sh
c667cf2b7e36a5c0a631d11b1f3bc50c4316beea319cdc33ae0319df386d538d  .github/actions/cluster-access/action.yml
e231afa731a262625e1a450262a23c842db1898681f53d39ebb80fd544e8af75  .github/actions/fetch-kubeconfig/action.yml
1fb8141ec28641e5c9c049a9d67a1ca134ec0db868a41f28eb64b9d27e7db940  .github/actions/linode-credentials/action.yml
0aa062cfe316d53948f441bde7281e62a344361117704abff5d9f3d5eab7b6c5  .github/actions/lke-runner-acl/action.yml
95c93dcf7ff55e8ea1b6e529817db60612e8cbbb39a14553d1e42a0480d6642c  .github/actions/terraform-init/action.yml
75f3efb1c7b42aa8588b4f122d04f8614acf0e5e03592ca1e37221da6da261e2  .github/actions/tf-encryption-env/action.yml
77f4a18f5f9e91b0725c9df9379ee6f84ebcd4782ddbe10baecf9742d0addb83  .github/workflows/llz-bootstrap-openbao.yml
215b46a061f2d96cc794fca7ea22df4928e29eb1d841a18295ba16b98034a08f  .github/workflows/llz-breakglass-openbao.yml
4a74318b28a947eda15c116614e023ef9a0d5056a575a5470788c2d40ad19937  .github/workflows/llz-cluster-health.yml
4eec66a2f7026ee45a99dc94a754930e8f1977c7c4fbaebb26bba15aa593b790  .github/workflows/llz-discover-deployments.yml
cd6ccae7473f2bb4b1541119728ce70abfdfd33f37a99863164d7b95a1c97347  .github/workflows/llz-scheduled-checks.yml
408563dd1ad509c7a11a961dc1285de7b567ae68b8ded1a33a0dec8132e4bcb6  .github/workflows/llz-secret-rotation.yml
b4a36946aa97a6fe8d983d07a296ea223fa0271616b53d2f671655da5d2c1c5d  .github/workflows/llz-terraform.yml
a47b0854b3f72cbf6aad568d5aa3b965210ca8bf79d70cebf7bc7b3f8a81ec69  .github/workflows/llz-wedge-gameday.yml
43bd0ab3bd84f34f0be86793b2a1b3da7a8a62deac94c4c79f0d5691db8a0144  .gitignore
eabac5729720d8de02a7cc35fa1b88c7216e887ea0a4e0bfb597f10f13781c62  .gitleaks.toml
f0027d67e6df451f0bd19e380615a4239e240798f72bd7b4d6fe167f969ccdc8  .template-removals
80d6a7861ab57f3b6375427f970f9beff8c840f8becdea3fd3fa69e89e4e0eca  .tflintrc.hcl
a5a60edbb04e22c3854b1401cf494a2d13c6caad4b59feb0bc1673b2dbcbb95e  apl-values/README.md
4cbda1d72e896918b90280b7d71b852f387098495d22a644879f794c339c12af  apl-values/_shared/apl-overlay/README.md
46292632886549ba09f4c48e6e553de73465b80be75132d9708d84d1518b8e2a  apl-values/_shared/apl-overlay/apps.yaml
146acfd123badeb3711df854f8a36a2a8912f290ba72a5d5686511012c13b210  apl-values/_shared/apl-overlay/obj.yaml
66cf3d7285ca7343ad1d8dd5325568c0878dd3ab6d929e537cb610db86ede8a4  apl-values/values.yaml
56693d19526fc174dad6950f850fc5d9fc3b8c45501851a81b60b374d97cca68  environments/prod-web-ord.yaml.example
4bbb48a1ab48a484c781efae27e6fdcc8a3ae688268874420ba7cd4b49f6e82e  landingzone.yaml.example
33807e4d6a8f453013854d9d2c3a9c033b0a53ac086a1d092bf0dcd1a6959259  terraform-iac-bootstrap/.gitignore
4de333fd2378fcae7f7a1ed66aec10b8521603de08e54a23f5389cfb300114e7  terraform-iac-bootstrap/AGENTS.md
