# .template-workflows.lock — digests of the vendored, template-owned CI surface.
#
# GENERATED by `llz ci workflows-fresh --write` — do not hand-edit.
# Covers every `managed` file under .github/ (the llz-*.yml reusable bodies and
# the composite actions). All are token-free, so an instance's rendered bytes are
# byte-identical to the template's — which is what makes this digest check valid.
#
# `llz ci workflows-fresh` (part of `llz lint`) recomputes these offline and fails
# when an instance hand-edits a file the next `llz upgrade` would overwrite.
#
# FORMAT: <sha256>  <path>
71b2739968ef43c46574db4afc0f1bcef1b5fe3633e1d1a98c65246df71d1cf4  .github/actions/_lib/git-auth.sh
c667cf2b7e36a5c0a631d11b1f3bc50c4316beea319cdc33ae0319df386d538d  .github/actions/cluster-access/action.yml
e231afa731a262625e1a450262a23c842db1898681f53d39ebb80fd544e8af75  .github/actions/fetch-kubeconfig/action.yml
1fb8141ec28641e5c9c049a9d67a1ca134ec0db868a41f28eb64b9d27e7db940  .github/actions/linode-credentials/action.yml
0aa062cfe316d53948f441bde7281e62a344361117704abff5d9f3d5eab7b6c5  .github/actions/lke-runner-acl/action.yml
95c93dcf7ff55e8ea1b6e529817db60612e8cbbb39a14553d1e42a0480d6642c  .github/actions/terraform-init/action.yml
75f3efb1c7b42aa8588b4f122d04f8614acf0e5e03592ca1e37221da6da261e2  .github/actions/tf-encryption-env/action.yml
77f4a18f5f9e91b0725c9df9379ee6f84ebcd4782ddbe10baecf9742d0addb83  .github/workflows/llz-bootstrap-openbao.yml
215b46a061f2d96cc794fca7ea22df4928e29eb1d841a18295ba16b98034a08f  .github/workflows/llz-breakglass-openbao.yml
4a74318b28a947eda15c116614e023ef9a0d5056a575a5470788c2d40ad19937  .github/workflows/llz-cluster-health.yml
4eec66a2f7026ee45a99dc94a754930e8f1977c7c4fbaebb26bba15aa593b790  .github/workflows/llz-discover-deployments.yml
cd6ccae7473f2bb4b1541119728ce70abfdfd33f37a99863164d7b95a1c97347  .github/workflows/llz-scheduled-checks.yml
408563dd1ad509c7a11a961dc1285de7b567ae68b8ded1a33a0dec8132e4bcb6  .github/workflows/llz-secret-rotation.yml
b4a36946aa97a6fe8d983d07a296ea223fa0271616b53d2f671655da5d2c1c5d  .github/workflows/llz-terraform.yml
a47b0854b3f72cbf6aad568d5aa3b965210ca8bf79d70cebf7bc7b3f8a81ec69  .github/workflows/llz-wedge-gameday.yml
