# .template-managed.lock — digests of the template-owned scaffold surface.
#
# GENERATED by `llz ci managed-fresh --write` — do not hand-edit.
# Covers every token-free file in a digest-locked class of .template-manifest
# (today: `managed`). Those render byte-identically in every instance, which is
# what makes one digest valid for all of them.
#
# `llz ci managed-fresh` (part of `llz lint`) recomputes these offline and fails
# when an instance hand-edits a file the next `llz upgrade` would overwrite.
#
# DELIBERATELY UNLOCKED — these are digest-locked-class files that carry a copier
# token, so their rendered bytes differ per instance and no single digest can
# cover them. `llz upgrade` still overwrites them from a clean render (which is
# correct — the render substitutes each instance's own tokens); they simply get
# no drift detection. Listed so the gap is auditable rather than invisible:
#   .template-manifest
#   AGENTS.md
#   README.md
#
# FORMAT: <sha256>  <path>
83206649de37df5140067ad9cad56ced0cba895d7c0d168ac239d592c33a509a  .checkov.yaml
1a925776af79a75dd74e8f920d7e0f497f819728987f8cc38622b8db349f0edf  .claude/settings.json
71b2739968ef43c46574db4afc0f1bcef1b5fe3633e1d1a98c65246df71d1cf4  .github/actions/_lib/git-auth.sh
bd95e5b59aebf4ea8ed01c8ffd8153b53c7572b044cbb9142f09962cc6ef9a51  .github/actions/assert-plan-safe/action.yml
cca2ff1d675d15b148d716e88d170e85f695fb1d9e9edb0fc5276ed7b66082bd  .github/actions/cluster-access/action.yml
f0d4fa3e06e5fa1b142b2f1618f2a9427b05ece28911107f5d83a57a92f423fa  .github/actions/fetch-kubeconfig/action.yml
eddf2f18c86c9b14684cc5e30515477f0b12faf00c24a6d83faa21e7d8a032df  .github/actions/linode-credentials/action.yml
7ac75fd58edda442666228b059fddc55d603d7a98a504c415fdd47c0768a7cdb  .github/actions/lke-runner-acl/action.yml
941a1f1aa62e720188a7194bb78117bc3d9b167f29087cd90c1c26994801254b  .github/actions/terraform-init/action.yml
13a9c39f414be0f40c4c5e3a60bab8de827829e0160be1f5efb2175866d7978c  .github/actions/tf-encryption-env/action.yml
291b08d9f6357cfd1d156a75f00cb9da3c52872f21d28f1080f31eaa49c1ee9d  .github/workflows/llz-bootstrap-openbao.yml
2c04737205e437dcf83b7d981bcb4dc0bd5459dd2035a1cba30679be29f00788  .github/workflows/llz-breakglass-openbao.yml
251e82abe4f087f6eb49813fd40fd9ed32b86236549260486f7885ef162550f8  .github/workflows/llz-cluster-health.yml
1df3d1e922cca5a46c92b1253b25dd69d3e6f63cf23a2bd5ef1d992fe80acde9  .github/workflows/llz-discover-deployments.yml
7b66fe34e99705c7f0402a50ba555d93662dcf0e915082549b9328281b30960c  .github/workflows/llz-scheduled-checks.yml
19b3dab4b5d2803135b22babaf94cff4a0acc19a2b59558e16708fe1066546bd  .github/workflows/llz-secret-rotation.yml
f2a9be15c57411b87bfd694af851b62d10bdf1a4c287611a4856ae9eb1b772f2  .github/workflows/llz-template-upgrade.yml
37b9fcf4cd6e0a275a4a2eed2152835e384867f52d65a0c63e28926445baefb9  .github/workflows/llz-terraform.yml
5d592474a3de4d3474fdb1ca99c882cb8f101a213f42694c5618c179572db519  .github/workflows/llz-wedge-gameday.yml
43bd0ab3bd84f34f0be86793b2a1b3da7a8a62deac94c4c79f0d5691db8a0144  .gitignore
eabac5729720d8de02a7cc35fa1b88c7216e887ea0a4e0bfb597f10f13781c62  .gitleaks.toml
08cbb0ed6652a42567aaa2957ddca15fa854a4eb378acf3537a1be1cabef97bd  .template-removals
80d6a7861ab57f3b6375427f970f9beff8c840f8becdea3fd3fa69e89e4e0eca  .tflintrc.hcl
db9fb968643922692255e0223cbf8c4acda6d974e6d4895a5876498204040d95  apl-values/README.md
a428c24d43245db9923aca773dfec1a9e460928544ada1d3e92af7005b1f812d  apl-values/_shared/apl-overlay/README.md
fe6181cfba3fcc2b0e490a23c847b758b1aca0fa444249f38ed0e7348076b7c2  apl-values/_shared/apl-overlay/apps.yaml
6f2aea6a52bde891d4e59dac402dd2872c02dee25cbac4ebda88bc713891ad76  apl-values/_shared/apl-overlay/appvalues.yaml
146acfd123badeb3711df854f8a36a2a8912f290ba72a5d5686511012c13b210  apl-values/_shared/apl-overlay/obj.yaml
c5f603546e6e6e8b7979a4206750489dfa8234cc445209e15a48dbde17ffe92c  environments/prod-web-ord.yaml.example
928f02f665af5c9a7d74c82564aa99f14e57982be1229e8f06c9a3261467d7e8  landingzone.yaml.example
94e10c65f5530ec07016b531f2395c0f26d2dde4c86c88fafeebe3eedd68ad6e  terraform-iac-bootstrap/.gitignore
2dcd580ee8e7a96718b684204cefdad991fbaa83f2a99c7876df8a6479239ba5  terraform-iac-bootstrap/AGENTS.md
