# .template-workflows.lock — digests of the vendored, template-owned CI surface.
#
# GENERATED by `llz ci workflows-fresh --write` — do not hand-edit.
# Covers every `managed` file under .github/ (the llz-*.yml reusable bodies and
# the composite actions). All are token-free, so an instance's rendered bytes are
# byte-identical to the template's — which is what makes this digest check valid.
#
# `llz ci workflows-fresh` (part of `llz lint`) recomputes these offline and fails
# when an instance hand-edits a file the next `llz upgrade` would overwrite.
#
# FORMAT: <sha256>  <path>
71b2739968ef43c46574db4afc0f1bcef1b5fe3633e1d1a98c65246df71d1cf4  .github/actions/_lib/git-auth.sh
ed6f7b4d35f7a4dba972750ced63b971a7272deb4b8a35c7468f0dcc92a9670c  .github/actions/cluster-access/action.yml
e231afa731a262625e1a450262a23c842db1898681f53d39ebb80fd544e8af75  .github/actions/fetch-kubeconfig/action.yml
1fb8141ec28641e5c9c049a9d67a1ca134ec0db868a41f28eb64b9d27e7db940  .github/actions/linode-credentials/action.yml
0aa062cfe316d53948f441bde7281e62a344361117704abff5d9f3d5eab7b6c5  .github/actions/lke-runner-acl/action.yml
1cc93facbcbc8b7c5ea4c400bbbc26d7eb2bfda1870c57934f3cf9a955f339e0  .github/actions/terraform-init/action.yml
6a2324592bb895b4d329facd0c76399d67075b6e9fca18a89293f548e6c100e2  .github/workflows/llz-bootstrap-openbao.yml
bcdf4219ef904ba4b9fc45b3a9a324eec21d01f3a5544389ba4b0ad41f52d3eb  .github/workflows/llz-breakglass-openbao.yml
cf990cacf4deb49ae1bb05045e401d040fa9b0c052760b1fcdc658160bc0af88  .github/workflows/llz-cluster-health.yml
4eec66a2f7026ee45a99dc94a754930e8f1977c7c4fbaebb26bba15aa593b790  .github/workflows/llz-discover-deployments.yml
9edc8f79a4b15004f3ce4e3b8a89346aa59ff6ae5dd3385fd907871dc76a566d  .github/workflows/llz-scheduled-checks.yml
4517cfa57a08a9d4ee36ca4838fc884e319e1f329dbaf6da7709d00dc62daec3  .github/workflows/llz-secret-rotation.yml
b52c1a349c42d2fdcfceb4ca2a73d5e75ed4dee3374c9344a8083a588b4fc0e6  .github/workflows/llz-terraform.yml
735264440258be264e219563bdd52a045a856f8609359edcbdb950a67eff4cdb  .github/workflows/llz-wedge-gameday.yml
