# .template-managed.lock — digests of the template-owned scaffold surface.
#
# GENERATED by `llz ci managed-fresh --write` — do not hand-edit.
# Covers every token-free file in a digest-locked class of .template-manifest
# (today: `managed`). Those render byte-identically in every instance, which is
# what makes one digest valid for all of them.
#
# `llz ci managed-fresh` (part of `llz lint`) recomputes these offline and fails
# when an instance hand-edits a file the next `llz upgrade` would overwrite.
#
# DELIBERATELY UNLOCKED — these are digest-locked-class files that carry a copier
# token, so their rendered bytes differ per instance and no single digest can
# cover them. `llz upgrade` still overwrites them from a clean render (which is
# correct — the render substitutes each instance's own tokens); they simply get
# no drift detection. Listed so the gap is auditable rather than invisible:
#   .template-manifest
#   AGENTS.md
#   README.md
#
# FORMAT: <sha256>  <path>
14f18f447e96f769f5215af575e129c033fddf831bc690637590400bbae345d7  .checkov.yaml
1a925776af79a75dd74e8f920d7e0f497f819728987f8cc38622b8db349f0edf  .claude/settings.json
71b2739968ef43c46574db4afc0f1bcef1b5fe3633e1d1a98c65246df71d1cf4  .github/actions/_lib/git-auth.sh
66c871bf2e745758754f9f33ffd1be19acec9fcb2b56fdd9ba4fdf71ea285165  .github/actions/cluster-access/action.yml
e231afa731a262625e1a450262a23c842db1898681f53d39ebb80fd544e8af75  .github/actions/fetch-kubeconfig/action.yml
baed0196a210b42498b7c975976da86a8b587375f32b0bab9726ef9b76022ea0  .github/actions/linode-credentials/action.yml
0aa062cfe316d53948f441bde7281e62a344361117704abff5d9f3d5eab7b6c5  .github/actions/lke-runner-acl/action.yml
95c93dcf7ff55e8ea1b6e529817db60612e8cbbb39a14553d1e42a0480d6642c  .github/actions/terraform-init/action.yml
13a9c39f414be0f40c4c5e3a60bab8de827829e0160be1f5efb2175866d7978c  .github/actions/tf-encryption-env/action.yml
32ad986bc3a9d3a4c2f949e97a5dddcb38f613a65c20f38abf34912eb969f647  .github/workflows/llz-bootstrap-openbao.yml
80328f9742ed3b6524acc3b329ad645d85a913e22f4c94726d3fc23a1f2146c2  .github/workflows/llz-breakglass-openbao.yml
50b34532cd125e11b8552126fe76545a1f13f8e551732a4d7c0424762a0b7fc5  .github/workflows/llz-cluster-health.yml
4eec66a2f7026ee45a99dc94a754930e8f1977c7c4fbaebb26bba15aa593b790  .github/workflows/llz-discover-deployments.yml
9ac3a3fc08f341346a84c700289795ba83890b21dff78b25100cf6b08a36e6c1  .github/workflows/llz-scheduled-checks.yml
a4ddfb391909f91a5c83773bbe6b1fe1c8dfa213ba71d2cb6ab16fa84431a70e  .github/workflows/llz-secret-rotation.yml
2225641644f9bc4c4f035cf104546034c60b74ae96b3cffa0d0a8a2bb6bda64a  .github/workflows/llz-terraform.yml
edf06ad322ae8693bd8d165ad10910c91b8b907a9009322df798bc806f1559d9  .github/workflows/llz-wedge-gameday.yml
43bd0ab3bd84f34f0be86793b2a1b3da7a8a62deac94c4c79f0d5691db8a0144  .gitignore
eabac5729720d8de02a7cc35fa1b88c7216e887ea0a4e0bfb597f10f13781c62  .gitleaks.toml
f0027d67e6df451f0bd19e380615a4239e240798f72bd7b4d6fe167f969ccdc8  .template-removals
80d6a7861ab57f3b6375427f970f9beff8c840f8becdea3fd3fa69e89e4e0eca  .tflintrc.hcl
f7751c5d7af8f1b718a3bcea18985558ede77823415a9b7967b9fcc65cb22d57  apl-values/README.md
56ebc1c5f773146b12e72ac2097869025ce3556efafe23781c0d3f2bbbf82148  apl-values/_shared/apl-overlay/README.md
46292632886549ba09f4c48e6e553de73465b80be75132d9708d84d1518b8e2a  apl-values/_shared/apl-overlay/apps.yaml
146acfd123badeb3711df854f8a36a2a8912f290ba72a5d5686511012c13b210  apl-values/_shared/apl-overlay/obj.yaml
62e4b77a4d128adbfd7ccf416ee36f219af58581ef122188007c6f3755eac0b0  apl-values/values.yaml
56693d19526fc174dad6950f850fc5d9fc3b8c45501851a81b60b374d97cca68  environments/prod-web-ord.yaml.example
4bbb48a1ab48a484c781efae27e6fdcc8a3ae688268874420ba7cd4b49f6e82e  landingzone.yaml.example
9d54f9cf08b6ace3c48e8dd19ea9fc89979c7f3206722748b4d1ddbfb704a064  terraform-iac-bootstrap/.gitignore
622561cae98091c760e7efb16293909a3454dae6f72973e8ba62068345ad8f90  terraform-iac-bootstrap/AGENTS.md
