# .template-workflows.lock — digests of the vendored, template-owned CI surface.
#
# GENERATED by `llz ci workflows-fresh --write` — do not hand-edit.
# Covers every `managed` file under .github/ (the llz-*.yml reusable bodies and
# the composite actions). All are token-free, so an instance's rendered bytes are
# byte-identical to the template's — which is what makes this digest check valid.
#
# `llz ci workflows-fresh` (part of `llz lint`) recomputes these offline and fails
# when an instance hand-edits a file the next `llz upgrade` would overwrite.
#
# FORMAT: <sha256>  <path>
01645c0023c16f39d0d2051eab4d4ad0134bd115f7644e1dbca031c37271d556  .github/actions/_lib/git-auth.sh
97d059bd508d694568274a443c143265f67cd4e2923d05cc62387b20b4603099  .github/actions/cluster-access/action.yml
a3b90d118feb3e5649095624dd5127c759f337c7de57a89645b31f8c62ee9392  .github/actions/fetch-kubeconfig/action.yml
f772a287fd02520db476d161e315829c9d97a449d0ec8abcdf124b9f9f945d50  .github/actions/linode-credentials/action.yml
63cc847e17693d9005b57c24ccb570cdfd92aec45fb2c7c38b686f70153ec416  .github/actions/lke-runner-acl/action.yml
4a52fe3874cb3801d03ccb4991866a253fd7285fcb39177e6beb79e62a2f88d9  .github/actions/terraform-init/action.yml
c8813fc689515916ff088036257e732a476c0aee7001671abf4cc795fb75b73b  .github/workflows/llz-bootstrap-openbao.yml
62c0a4f3f4f4ee126c46707e5a2f935d7484fefd54eefed5530d429ac28fb99c  .github/workflows/llz-cluster-health.yml
4eec66a2f7026ee45a99dc94a754930e8f1977c7c4fbaebb26bba15aa593b790  .github/workflows/llz-discover-deployments.yml
4663f8088bfb05e49b085d34af189b51edf53447632b0a837c52d0bf451d86d8  .github/workflows/llz-scheduled-checks.yml
bda420da6bea0eac64b800f92b1c2899a486953e357cb1b6917a58114a58c1be  .github/workflows/llz-secret-rotation.yml
8686537e486a9ff58d45e6ee1a56b99e62bfec5feb9b64f7b5ded8a4a1a52a92  .github/workflows/llz-terraform.yml
96662fc0a9fb610d33f6be491bb8b8d42107f07cb331f8e0ace2ab0e63c97666  .github/workflows/llz-wedge-gameday.yml
